// !$*UTF8*$!
{
	archiveVersion = 1;
	classes = {
	};
	objectVersion = 46;
	objects = {

/* Begin PBXBuildFile section */
		170799C61AEF179A00E6CF4C /* HistoryNavigationController.swift in Sources */ = {isa = PBXBuildFile; fileRef = 170799C51AEF179A00E6CF4C /* HistoryNavigationController.swift */; };
		17178B4C1A6F348A00E67C3A /* AppDelegate.swift in Sources */ = {isa = PBXBuildFile; fileRef = 17178B4B1A6F348A00E67C3A /* AppDelegate.swift */; };
		17178B501A6F348A00E67C3A /* HistoryTableViewController.swift in Sources */ = {isa = PBXBuildFile; fileRef = 17178B4F1A6F348A00E67C3A /* HistoryTableViewController.swift */; };
		17178B551A6F348A00E67C3A /* Images.xcassets in Resources */ = {isa = PBXBuildFile; fileRef = 17178B541A6F348A00E67C3A /* Images.xcassets */; };
		17178BCA1A6F5A2300E67C3A /* MachineTableViewController.swift in Sources */ = {isa = PBXBuildFile; fileRef = 17178BC91A6F5A2300E67C3A /* MachineTableViewController.swift */; };
		17178BCC1A6F63B800E67C3A /* Machine.swift in Sources */ = {isa = PBXBuildFile; fileRef = 17178BCB1A6F63B800E67C3A /* Machine.swift */; };
		17178BD01A6F7C0700E67C3A /* ItemTableViewController.swift in Sources */ = {isa = PBXBuildFile; fileRef = 17178BCF1A6F7C0700E67C3A /* ItemTableViewController.swift */; };
		17178BD21A6F7CA900E67C3A /* Item.swift in Sources */ = {isa = PBXBuildFile; fileRef = 17178BD11A6F7CA900E67C3A /* Item.swift */; };
		1728EB921A707E4A00339ABE /* Drop.swift in Sources */ = {isa = PBXBuildFile; fileRef = 1728EB911A707E4A00339ABE /* Drop.swift */; };
		1728EB941A708CDA00339ABE /* DropTableViewCell.swift in Sources */ = {isa = PBXBuildFile; fileRef = 1728EB931A708CDA00339ABE /* DropTableViewCell.swift */; };
		1728EBD71A709BD700339ABE /* ToolBarColorManager.swift in Sources */ = {isa = PBXBuildFile; fileRef = 1728EBD61A709BD700339ABE /* ToolBarColorManager.swift */; };
		1728EC3E1A70A7C300339ABE /* CriqueGrotesk-BlackItalic.otf in Resources */ = {isa = PBXBuildFile; fileRef = 1728EC1E1A70A7C300339ABE /* CriqueGrotesk-BlackItalic.otf */; };
		1728EC401A70A7C300339ABE /* CriqueGrotesk-BoldItalic.otf in Resources */ = {isa = PBXBuildFile; fileRef = 1728EC201A70A7C300339ABE /* CriqueGrotesk-BoldItalic.otf */; };
		1728EC411A70A7C300339ABE /* CriqueGrotesk-Heavy.otf in Resources */ = {isa = PBXBuildFile; fileRef = 1728EC211A70A7C300339ABE /* CriqueGrotesk-Heavy.otf */; };
		1728EC421A70A7C300339ABE /* CriqueGrotesk-HeavyItalic.otf in Resources */ = {isa = PBXBuildFile; fileRef = 1728EC221A70A7C300339ABE /* CriqueGrotesk-HeavyItalic.otf */; };
		1728EC431A70A7C300339ABE /* CriqueGrotesk-Italic.otf in Resources */ = {isa = PBXBuildFile; fileRef = 1728EC231A70A7C300339ABE /* CriqueGrotesk-Italic.otf */; };
		1728EC441A70A7C300339ABE /* CriqueGrotesk-Light.otf in Resources */ = {isa = PBXBuildFile; fileRef = 1728EC241A70A7C300339ABE /* CriqueGrotesk-Light.otf */; };
		1728EC451A70A7C300339ABE /* CriqueGrotesk-LightItalic.otf in Resources */ = {isa = PBXBuildFile; fileRef = 1728EC251A70A7C300339ABE /* CriqueGrotesk-LightItalic.otf */; };
		1728EC461A70A7C300339ABE /* CriqueGrotesk-Medium.otf in Resources */ = {isa = PBXBuildFile; fileRef = 1728EC261A70A7C300339ABE /* CriqueGrotesk-Medium.otf */; };
		1728EC471A70A7C300339ABE /* CriqueGrotesk-MediumItalic.otf in Resources */ = {isa = PBXBuildFile; fileRef = 1728EC271A70A7C300339ABE /* CriqueGrotesk-MediumItalic.otf */; };
		1728EC481A70A7C300339ABE /* CriqueGrotesk-Regular.otf in Resources */ = {isa = PBXBuildFile; fileRef = 1728EC281A70A7C300339ABE /* CriqueGrotesk-Regular.otf */; };
		1728EC491A70A7C300339ABE /* CriqueGrotesk-Thin.otf in Resources */ = {isa = PBXBuildFile; fileRef = 1728EC291A70A7C300339ABE /* CriqueGrotesk-Thin.otf */; };
		1728EC4A1A70A7C300339ABE /* CriqueGrotesk-ThinItalic.otf in Resources */ = {isa = PBXBuildFile; fileRef = 1728EC2A1A70A7C300339ABE /* CriqueGrotesk-ThinItalic.otf */; };
		1728EC4B1A70A7C300339ABE /* CriqueGrotesk-UltraLight.otf in Resources */ = {isa = PBXBuildFile; fileRef = 1728EC2B1A70A7C300339ABE /* CriqueGrotesk-UltraLight.otf */; };
		1728EC4C1A70A7C300339ABE /* CriqueGrotesk-UltraLightItalic.otf in Resources */ = {isa = PBXBuildFile; fileRef = 1728EC2C1A70A7C300339ABE /* CriqueGrotesk-UltraLightItalic.otf */; };
		1728EC4D1A70A7C300339ABE /* CriqueGroteskDisplay-Black.otf in Resources */ = {isa = PBXBuildFile; fileRef = 1728EC2D1A70A7C300339ABE /* CriqueGroteskDisplay-Black.otf */; };
		1728EC4E1A70A7C300339ABE /* CriqueGroteskDisplay-BlackItalic.otf in Resources */ = {isa = PBXBuildFile; fileRef = 1728EC2E1A70A7C300339ABE /* CriqueGroteskDisplay-BlackItalic.otf */; };
		1728EC4F1A70A7C300339ABE /* CriqueGroteskDisplay-Bold.otf in Resources */ = {isa = PBXBuildFile; fileRef = 1728EC2F1A70A7C300339ABE /* CriqueGroteskDisplay-Bold.otf */; };
		1728EC501A70A7C300339ABE /* CriqueGroteskDisplay-BoldItalic.otf in Resources */ = {isa = PBXBuildFile; fileRef = 1728EC301A70A7C300339ABE /* CriqueGroteskDisplay-BoldItalic.otf */; };
		1728EC511A70A7C300339ABE /* CriqueGroteskDisplay-Heavy.otf in Resources */ = {isa = PBXBuildFile; fileRef = 1728EC311A70A7C300339ABE /* CriqueGroteskDisplay-Heavy.otf */; };
		1728EC521A70A7C300339ABE /* CriqueGroteskDisplay-HeavyItalic.otf in Resources */ = {isa = PBXBuildFile; fileRef = 1728EC321A70A7C300339ABE /* CriqueGroteskDisplay-HeavyItalic.otf */; };
		1728EC531A70A7C300339ABE /* CriqueGroteskDisplay-Italic.otf in Resources */ = {isa = PBXBuildFile; fileRef = 1728EC331A70A7C300339ABE /* CriqueGroteskDisplay-Italic.otf */; };
		1728EC541A70A7C300339ABE /* CriqueGroteskDisplay-Light.otf in Resources */ = {isa = PBXBuildFile; fileRef = 1728EC341A70A7C300339ABE /* CriqueGroteskDisplay-Light.otf */; };
		1728EC551A70A7C300339ABE /* CriqueGroteskDisplay-LightItalic.otf in Resources */ = {isa = PBXBuildFile; fileRef = 1728EC351A70A7C300339ABE /* CriqueGroteskDisplay-LightItalic.otf */; };
		1728EC561A70A7C300339ABE /* CriqueGroteskDisplay-Medium.otf in Resources */ = {isa = PBXBuildFile; fileRef = 1728EC361A70A7C300339ABE /* CriqueGroteskDisplay-Medium.otf */; };
		1728EC571A70A7C300339ABE /* CriqueGroteskDisplay-MediumItalic.otf in Resources */ = {isa = PBXBuildFile; fileRef = 1728EC371A70A7C300339ABE /* CriqueGroteskDisplay-MediumItalic.otf */; };
		1728EC581A70A7C300339ABE /* CriqueGroteskDisplay-Regular.otf in Resources */ = {isa = PBXBuildFile; fileRef = 1728EC381A70A7C300339ABE /* CriqueGroteskDisplay-Regular.otf */; };
		1728EC591A70A7C300339ABE /* CriqueGroteskDisplay-Thin.otf in Resources */ = {isa = PBXBuildFile; fileRef = 1728EC391A70A7C300339ABE /* CriqueGroteskDisplay-Thin.otf */; };
		1728EC5A1A70A7C300339ABE /* CriqueGroteskDisplay-ThinItalic.otf in Resources */ = {isa = PBXBuildFile; fileRef = 1728EC3A1A70A7C300339ABE /* CriqueGroteskDisplay-ThinItalic.otf */; };
		1728EC5B1A70A7C300339ABE /* CriqueGroteskDisplay-UltraLight.otf in Resources */ = {isa = PBXBuildFile; fileRef = 1728EC3B1A70A7C300339ABE /* CriqueGroteskDisplay-UltraLight.otf */; };
		1728EC5C1A70A7C300339ABE /* CriqueGroteskDisplay-UltraLightItalic.otf in Resources */ = {isa = PBXBuildFile; fileRef = 1728EC3C1A70A7C300339ABE /* CriqueGroteskDisplay-UltraLightItalic.otf */; };
		1728EC5D1A70A7D000339ABE /* CriqueGrotesk-Black.otf in Resources */ = {isa = PBXBuildFile; fileRef = 1728EC1D1A70A7C300339ABE /* CriqueGrotesk-Black.otf */; };
		1728EC5E1A70A7D300339ABE /* CriqueGrotesk-Bold.otf in Resources */ = {isa = PBXBuildFile; fileRef = 1728EC1F1A70A7C300339ABE /* CriqueGrotesk-Bold.otf */; };
		1728EC601A70CB6A00339ABE /* MachineTableViewCell.swift in Sources */ = {isa = PBXBuildFile; fileRef = 1728EC5F1A70CB6A00339ABE /* MachineTableViewCell.swift */; };
		1728EC651A70CE3900339ABE /* ItemTableViewCell.swift in Sources */ = {isa = PBXBuildFile; fileRef = 1728EC641A70CE3900339ABE /* ItemTableViewCell.swift */; };
		172F8EB41B128BCB0010CA60 /* DrinkAlertView.swift in Sources */ = {isa = PBXBuildFile; fileRef = 172F8EB31B128BCB0010CA60 /* DrinkAlertView.swift */; };
		17374AF01ADF89D400B3F1C2 /* DropNavigationController.swift in Sources */ = {isa = PBXBuildFile; fileRef = 17374AEF1ADF89D400B3F1C2 /* DropNavigationController.swift */; };
		174B31181A91B6FC0092CFF6 /* CurrentUser.swift in Sources */ = {isa = PBXBuildFile; fileRef = 174B31171A91B6FC0092CFF6 /* CurrentUser.swift */; };
		174B311A1A91B88D0092CFF6 /* DrinkAPI.swift in Sources */ = {isa = PBXBuildFile; fileRef = 174B31191A91B88D0092CFF6 /* DrinkAPI.swift */; };
		174B311C1A91C5C60092CFF6 /* Dynamic.swift in Sources */ = {isa = PBXBuildFile; fileRef = 174B311B1A91C5C60092CFF6 /* Dynamic.swift */; };
		175022F41ADF5EB700F1F33C /* UIColor+Drink.swift in Sources */ = {isa = PBXBuildFile; fileRef = 175022F31ADF5EB700F1F33C /* UIColor+Drink.swift */; };
		1770E0521AAD30DF0077FA94 /* JSSAlertView.swift in Sources */ = {isa = PBXBuildFile; fileRef = 1770E0511AAD30DF0077FA94 /* JSSAlertView.swift */; };
		177EF27A1A82677D00DB417B /* AuthenticationManager.swift in Sources */ = {isa = PBXBuildFile; fileRef = 177EF2781A82677D00DB417B /* AuthenticationManager.swift */; };
		177EF27D1A82679C00DB417B /* ApiViewController.swift in Sources */ = {isa = PBXBuildFile; fileRef = 177EF27C1A82679C00DB417B /* ApiViewController.swift */; };
		1797B5511A772F1700F5BB7D /* Storyboard.storyboard in Resources */ = {isa = PBXBuildFile; fileRef = 17178B511A6F348A00E67C3A /* Storyboard.storyboard */; };
		17A5506C1AC229E80010732C /* Pluralize.swift in Sources */ = {isa = PBXBuildFile; fileRef = 17A5506B1AC229E80010732C /* Pluralize.swift */; };
		17BF9D141CAAD7E300B67454 /* CSH_DrinkTests.swift in Sources */ = {isa = PBXBuildFile; fileRef = 17BF9D131CAAD7E300B67454 /* CSH_DrinkTests.swift */; };
		17E15A451B88F4F800FC6714 /* DPLProductRouteHandler.swift in Sources */ = {isa = PBXBuildFile; fileRef = 17E15A441B88F4F800FC6714 /* DPLProductRouteHandler.swift */; };
		17FB3B381B141A3400232F6A /* AccountViewController.swift in Sources */ = {isa = PBXBuildFile; fileRef = 17FB3B371B141A3400232F6A /* AccountViewController.swift */; };
		54FB93D71DB1526100E24CD3 /* Punctual.swift in Sources */ = {isa = PBXBuildFile; fileRef = 54FB93D61DB1526100E24CD3 /* Punctual.swift */; };
		91CEB33B41AA01F1167B533B /* Pods_CSH_Drink.framework in Frameworks */ = {isa = PBXBuildFile; fileRef = 7BF8B0177D68B1A6E343ED60 /* Pods_CSH_Drink.framework */; };
/* End PBXBuildFile section */

/* Begin PBXContainerItemProxy section */
		17BF9D161CAAD7E300B67454 /* PBXContainerItemProxy */ = {
			isa = PBXContainerItemProxy;
			containerPortal = 17178B3E1A6F348A00E67C3A /* Project object */;
			proxyType = 1;
			remoteGlobalIDString = 17178B451A6F348A00E67C3A;
			remoteInfo = "CSH Drink";
		};
/* End PBXContainerItemProxy section */

/* Begin PBXFileReference section */
		170799C51AEF179A00E6CF4C /* HistoryNavigationController.swift */ = {isa = PBXFileReference; fileEncoding = 4; lastKnownFileType = sourcecode.swift; path = HistoryNavigationController.swift; sourceTree = "<group>"; };
		17178B461A6F348A00E67C3A /* CSH Drink.app */ = {isa = PBXFileReference; explicitFileType = wrapper.application; includeInIndex = 0; path = "CSH Drink.app"; sourceTree = BUILT_PRODUCTS_DIR; };
		17178B4A1A6F348A00E67C3A /* Info.plist */ = {isa = PBXFileReference; lastKnownFileType = text.plist.xml; path = Info.plist; sourceTree = "<group>"; };
		17178B4B1A6F348A00E67C3A /* AppDelegate.swift */ = {isa = PBXFileReference; lastKnownFileType = sourcecode.swift; path = AppDelegate.swift; sourceTree = "<group>"; };
		17178B4F1A6F348A00E67C3A /* HistoryTableViewController.swift */ = {isa = PBXFileReference; lastKnownFileType = sourcecode.swift; path = HistoryTableViewController.swift; sourceTree = "<group>"; };
		17178B521A6F348A00E67C3A /* Base */ = {isa = PBXFileReference; lastKnownFileType = file.storyboard; name = Base; path = Base.lproj/Storyboard.storyboard; sourceTree = "<group>"; };
		17178B541A6F348A00E67C3A /* Images.xcassets */ = {isa = PBXFileReference; lastKnownFileType = folder.assetcatalog; path = Images.xcassets; sourceTree = "<group>"; };
		17178B621A6F348A00E67C3A /* Info.plist */ = {isa = PBXFileReference; lastKnownFileType = text.plist.xml; path = Info.plist; sourceTree = "<group>"; };
		17178B631A6F348A00E67C3A /* CSH_DrinkTests.swift */ = {isa = PBXFileReference; lastKnownFileType = sourcecode.swift; path = CSH_DrinkTests.swift; sourceTree = "<group>"; };
		17178BC91A6F5A2300E67C3A /* MachineTableViewController.swift */ = {isa = PBXFileReference; fileEncoding = 4; lastKnownFileType = sourcecode.swift; path = MachineTableViewController.swift; sourceTree = "<group>"; };
		17178BCB1A6F63B800E67C3A /* Machine.swift */ = {isa = PBXFileReference; fileEncoding = 4; lastKnownFileType = sourcecode.swift; path = Machine.swift; sourceTree = "<group>"; };
		17178BCF1A6F7C0700E67C3A /* ItemTableViewController.swift */ = {isa = PBXFileReference; fileEncoding = 4; lastKnownFileType = sourcecode.swift; path = ItemTableViewController.swift; sourceTree = "<group>"; };
		17178BD11A6F7CA900E67C3A /* Item.swift */ = {isa = PBXFileReference; fileEncoding = 4; lastKnownFileType = sourcecode.swift; path = Item.swift; sourceTree = "<group>"; };
		1728EB911A707E4A00339ABE /* Drop.swift */ = {isa = PBXFileReference; fileEncoding = 4; lastKnownFileType = sourcecode.swift; path = Drop.swift; sourceTree = "<group>"; };
		1728EB931A708CDA00339ABE /* DropTableViewCell.swift */ = {isa = PBXFileReference; fileEncoding = 4; lastKnownFileType = sourcecode.swift; path = DropTableViewCell.swift; sourceTree = "<group>"; };
		1728EBD61A709BD700339ABE /* ToolBarColorManager.swift */ = {isa = PBXFileReference; fileEncoding = 4; lastKnownFileType = sourcecode.swift; path = ToolBarColorManager.swift; sourceTree = "<group>"; };
		1728EC1D1A70A7C300339ABE /* CriqueGrotesk-Black.otf */ = {isa = PBXFileReference; lastKnownFileType = file; path = "CriqueGrotesk-Black.otf"; sourceTree = "<group>"; };
		1728EC1E1A70A7C300339ABE /* CriqueGrotesk-BlackItalic.otf */ = {isa = PBXFileReference; lastKnownFileType = file; path = "CriqueGrotesk-BlackItalic.otf"; sourceTree = "<group>"; };
		1728EC1F1A70A7C300339ABE /* CriqueGrotesk-Bold.otf */ = {isa = PBXFileReference; lastKnownFileType = file; path = "CriqueGrotesk-Bold.otf"; sourceTree = "<group>"; };
		1728EC201A70A7C300339ABE /* CriqueGrotesk-BoldItalic.otf */ = {isa = PBXFileReference; lastKnownFileType = file; path = "CriqueGrotesk-BoldItalic.otf"; sourceTree = "<group>"; };
		1728EC211A70A7C300339ABE /* CriqueGrotesk-Heavy.otf */ = {isa = PBXFileReference; lastKnownFileType = file; path = "CriqueGrotesk-Heavy.otf"; sourceTree = "<group>"; };
		1728EC221A70A7C300339ABE /* CriqueGrotesk-HeavyItalic.otf */ = {isa = PBXFileReference; lastKnownFileType = file; path = "CriqueGrotesk-HeavyItalic.otf"; sourceTree = "<group>"; };
		1728EC231A70A7C300339ABE /* CriqueGrotesk-Italic.otf */ = {isa = PBXFileReference; lastKnownFileType = file; path = "CriqueGrotesk-Italic.otf"; sourceTree = "<group>"; };
		1728EC241A70A7C300339ABE /* CriqueGrotesk-Light.otf */ = {isa = PBXFileReference; lastKnownFileType = file; path = "CriqueGrotesk-Light.otf"; sourceTree = "<group>"; };
		1728EC251A70A7C300339ABE /* CriqueGrotesk-LightItalic.otf */ = {isa = PBXFileReference; lastKnownFileType = file; path = "CriqueGrotesk-LightItalic.otf"; sourceTree = "<group>"; };
		1728EC261A70A7C300339ABE /* CriqueGrotesk-Medium.otf */ = {isa = PBXFileReference; lastKnownFileType = file; path = "CriqueGrotesk-Medium.otf"; sourceTree = "<group>"; };
		1728EC271A70A7C300339ABE /* CriqueGrotesk-MediumItalic.otf */ = {isa = PBXFileReference; lastKnownFileType = file; path = "CriqueGrotesk-MediumItalic.otf"; sourceTree = "<group>"; };
		1728EC281A70A7C300339ABE /* CriqueGrotesk-Regular.otf */ = {isa = PBXFileReference; lastKnownFileType = file; path = "CriqueGrotesk-Regular.otf"; sourceTree = "<group>"; };
		1728EC291A70A7C300339ABE /* CriqueGrotesk-Thin.otf */ = {isa = PBXFileReference; lastKnownFileType = file; path = "CriqueGrotesk-Thin.otf"; sourceTree = "<group>"; };
		1728EC2A1A70A7C300339ABE /* CriqueGrotesk-ThinItalic.otf */ = {isa = PBXFileReference; lastKnownFileType = file; path = "CriqueGrotesk-ThinItalic.otf"; sourceTree = "<group>"; };
		1728EC2B1A70A7C300339ABE /* CriqueGrotesk-UltraLight.otf */ = {isa = PBXFileReference; lastKnownFileType = file; path = "CriqueGrotesk-UltraLight.otf"; sourceTree = "<group>"; };
		1728EC2C1A70A7C300339ABE /* CriqueGrotesk-UltraLightItalic.otf */ = {isa = PBXFileReference; lastKnownFileType = file; path = "CriqueGrotesk-UltraLightItalic.otf"; sourceTree = "<group>"; };
		1728EC2D1A70A7C300339ABE /* CriqueGroteskDisplay-Black.otf */ = {isa = PBXFileReference; lastKnownFileType = file; path = "CriqueGroteskDisplay-Black.otf"; sourceTree = "<group>"; };
		1728EC2E1A70A7C300339ABE /* CriqueGroteskDisplay-BlackItalic.otf */ = {isa = PBXFileReference; lastKnownFileType = file; path = "CriqueGroteskDisplay-BlackItalic.otf"; sourceTree = "<group>"; };
		1728EC2F1A70A7C300339ABE /* CriqueGroteskDisplay-Bold.otf */ = {isa = PBXFileReference; lastKnownFileType = file; path = "CriqueGroteskDisplay-Bold.otf"; sourceTree = "<group>"; };
		1728EC301A70A7C300339ABE /* CriqueGroteskDisplay-BoldItalic.otf */ = {isa = PBXFileReference; lastKnownFileType = file; path = "CriqueGroteskDisplay-BoldItalic.otf"; sourceTree = "<group>"; };
		1728EC311A70A7C300339ABE /* CriqueGroteskDisplay-Heavy.otf */ = {isa = PBXFileReference; lastKnownFileType = file; path = "CriqueGroteskDisplay-Heavy.otf"; sourceTree = "<group>"; };
		1728EC321A70A7C300339ABE /* CriqueGroteskDisplay-HeavyItalic.otf */ = {isa = PBXFileReference; lastKnownFileType = file; path = "CriqueGroteskDisplay-HeavyItalic.otf"; sourceTree = "<group>"; };
		1728EC331A70A7C300339ABE /* CriqueGroteskDisplay-Italic.otf */ = {isa = PBXFileReference; lastKnownFileType = file; path = "CriqueGroteskDisplay-Italic.otf"; sourceTree = "<group>"; };
		1728EC341A70A7C300339ABE /* CriqueGroteskDisplay-Light.otf */ = {isa = PBXFileReference; lastKnownFileType = file; path = "CriqueGroteskDisplay-Light.otf"; sourceTree = "<group>"; };
		1728EC351A70A7C300339ABE /* CriqueGroteskDisplay-LightItalic.otf */ = {isa = PBXFileReference; lastKnownFileType = file; path = "CriqueGroteskDisplay-LightItalic.otf"; sourceTree = "<group>"; };
		1728EC361A70A7C300339ABE /* CriqueGroteskDisplay-Medium.otf */ = {isa = PBXFileReference; lastKnownFileType = file; path = "CriqueGroteskDisplay-Medium.otf"; sourceTree = "<group>"; };
		1728EC371A70A7C300339ABE /* CriqueGroteskDisplay-MediumItalic.otf */ = {isa = PBXFileReference; lastKnownFileType = file; path = "CriqueGroteskDisplay-MediumItalic.otf"; sourceTree = "<group>"; };
		1728EC381A70A7C300339ABE /* CriqueGroteskDisplay-Regular.otf */ = {isa = PBXFileReference; lastKnownFileType = file; path = "CriqueGroteskDisplay-Regular.otf"; sourceTree = "<group>"; };
		1728EC391A70A7C300339ABE /* CriqueGroteskDisplay-Thin.otf */ = {isa = PBXFileReference; lastKnownFileType = file; path = "CriqueGroteskDisplay-Thin.otf"; sourceTree = "<group>"; };
		1728EC3A1A70A7C300339ABE /* CriqueGroteskDisplay-ThinItalic.otf */ = {isa = PBXFileReference; lastKnownFileType = file; path = "CriqueGroteskDisplay-ThinItalic.otf"; sourceTree = "<group>"; };
		1728EC3B1A70A7C300339ABE /* CriqueGroteskDisplay-UltraLight.otf */ = {isa = PBXFileReference; lastKnownFileType = file; path = "CriqueGroteskDisplay-UltraLight.otf"; sourceTree = "<group>"; };
		1728EC3C1A70A7C300339ABE /* CriqueGroteskDisplay-UltraLightItalic.otf */ = {isa = PBXFileReference; lastKnownFileType = file; path = "CriqueGroteskDisplay-UltraLightItalic.otf"; sourceTree = "<group>"; };
		1728EC5F1A70CB6A00339ABE /* MachineTableViewCell.swift */ = {isa = PBXFileReference; fileEncoding = 4; lastKnownFileType = sourcecode.swift; path = MachineTableViewCell.swift; sourceTree = "<group>"; };
		1728EC641A70CE3900339ABE /* ItemTableViewCell.swift */ = {isa = PBXFileReference; fileEncoding = 4; lastKnownFileType = sourcecode.swift; path = ItemTableViewCell.swift; sourceTree = "<group>"; };
		172F8EB31B128BCB0010CA60 /* DrinkAlertView.swift */ = {isa = PBXFileReference; fileEncoding = 4; lastKnownFileType = sourcecode.swift; path = DrinkAlertView.swift; sourceTree = "<group>"; };
		17374AEF1ADF89D400B3F1C2 /* DropNavigationController.swift */ = {isa = PBXFileReference; fileEncoding = 4; lastKnownFileType = sourcecode.swift; path = DropNavigationController.swift; sourceTree = "<group>"; };
		174B31171A91B6FC0092CFF6 /* CurrentUser.swift */ = {isa = PBXFileReference; fileEncoding = 4; lastKnownFileType = sourcecode.swift; path = CurrentUser.swift; sourceTree = "<group>"; };
		174B31191A91B88D0092CFF6 /* DrinkAPI.swift */ = {isa = PBXFileReference; fileEncoding = 4; lastKnownFileType = sourcecode.swift; path = DrinkAPI.swift; sourceTree = "<group>"; };
		174B311B1A91C5C60092CFF6 /* Dynamic.swift */ = {isa = PBXFileReference; fileEncoding = 4; lastKnownFileType = sourcecode.swift; path = Dynamic.swift; sourceTree = "<group>"; };
		175022F31ADF5EB700F1F33C /* UIColor+Drink.swift */ = {isa = PBXFileReference; fileEncoding = 4; lastKnownFileType = sourcecode.swift; path = "UIColor+Drink.swift"; sourceTree = "<group>"; };
		1770E0511AAD30DF0077FA94 /* JSSAlertView.swift */ = {isa = PBXFileReference; fileEncoding = 4; lastKnownFileType = sourcecode.swift; path = JSSAlertView.swift; sourceTree = "<group>"; };
		177EF2781A82677D00DB417B /* AuthenticationManager.swift */ = {isa = PBXFileReference; fileEncoding = 4; lastKnownFileType = sourcecode.swift; path = AuthenticationManager.swift; sourceTree = "<group>"; };
		177EF27C1A82679C00DB417B /* ApiViewController.swift */ = {isa = PBXFileReference; fileEncoding = 4; lastKnownFileType = sourcecode.swift; path = ApiViewController.swift; sourceTree = "<group>"; };
		17A5506B1AC229E80010732C /* Pluralize.swift */ = {isa = PBXFileReference; fileEncoding = 4; lastKnownFileType = sourcecode.swift; path = Pluralize.swift; sourceTree = "<group>"; };
		17BF9D111CAAD7E300B67454 /* CSH DrinkTests.xctest */ = {isa = PBXFileReference; explicitFileType = wrapper.cfbundle; includeInIndex = 0; path = "CSH DrinkTests.xctest"; sourceTree = BUILT_PRODUCTS_DIR; };
		17BF9D131CAAD7E300B67454 /* CSH_DrinkTests.swift */ = {isa = PBXFileReference; lastKnownFileType = sourcecode.swift; path = CSH_DrinkTests.swift; sourceTree = "<group>"; };
		17BF9D151CAAD7E300B67454 /* Info.plist */ = {isa = PBXFileReference; lastKnownFileType = text.plist.xml; path = Info.plist; sourceTree = "<group>"; };
		17E15A441B88F4F800FC6714 /* DPLProductRouteHandler.swift */ = {isa = PBXFileReference; fileEncoding = 4; lastKnownFileType = sourcecode.swift; path = DPLProductRouteHandler.swift; sourceTree = "<group>"; };
		17FB3B371B141A3400232F6A /* AccountViewController.swift */ = {isa = PBXFileReference; fileEncoding = 4; lastKnownFileType = sourcecode.swift; path = AccountViewController.swift; sourceTree = "<group>"; };
		54FB93D61DB1526100E24CD3 /* Punctual.swift */ = {isa = PBXFileReference; fileEncoding = 4; lastKnownFileType = sourcecode.swift; path = Punctual.swift; sourceTree = "<group>"; };
		54FB93D81DB17E7F00E24CD3 /* CSH Drink.entitlements */ = {isa = PBXFileReference; lastKnownFileType = text.plist.entitlements; path = "CSH Drink.entitlements"; sourceTree = "<group>"; };
		7BF8B0177D68B1A6E343ED60 /* Pods_CSH_Drink.framework */ = {isa = PBXFileReference; explicitFileType = wrapper.framework; includeInIndex = 0; path = Pods_CSH_Drink.framework; sourceTree = BUILT_PRODUCTS_DIR; };
		A9D5E3363966294E92B889DB /* Pods-CSH Drink.release.xcconfig */ = {isa = PBXFileReference; includeInIndex = 1; lastKnownFileType = text.xcconfig; name = "Pods-CSH Drink.release.xcconfig"; path = "Pods/Target Support Files/Pods-CSH Drink/Pods-CSH Drink.release.xcconfig"; sourceTree = "<group>"; };
		E2A215E47E2124ED89163C2E /* Pods-CSH Drink.debug.xcconfig */ = {isa = PBXFileReference; includeInIndex = 1; lastKnownFileType = text.xcconfig; name = "Pods-CSH Drink.debug.xcconfig"; path = "Pods/Target Support Files/Pods-CSH Drink/Pods-CSH Drink.debug.xcconfig"; sourceTree = "<group>"; };
/* End PBXFileReference section */

/* Begin PBXFrameworksBuildPhase section */
		17178B431A6F348A00E67C3A /* Frameworks */ = {
			isa = PBXFrameworksBuildPhase;
			buildActionMask = 2147483647;
			files = (
				91CEB33B41AA01F1167B533B /* Pods_CSH_Drink.framework in Frameworks */,
			);
			runOnlyForDeploymentPostprocessing = 0;
		};
		17BF9D0E1CAAD7E300B67454 /* Frameworks */ = {
			isa = PBXFrameworksBuildPhase;
			buildActionMask = 2147483647;
			files = (
			);
			runOnlyForDeploymentPostprocessing = 0;
		};
/* End PBXFrameworksBuildPhase section */

/* Begin PBXGroup section */
		17178B3D1A6F348A00E67C3A = {
			isa = PBXGroup;
			children = (
				17178B511A6F348A00E67C3A /* Storyboard.storyboard */,
				17178B481A6F348A00E67C3A /* CSH Drink */,
				17178B601A6F348A00E67C3A /* CSH DrinkTests */,
				17BF9D121CAAD7E300B67454 /* CSH DrinkTests */,
				17178B471A6F348A00E67C3A /* Products */,
				A8BB53F483F607ECA4367B9E /* Pods */,
				42F05247DEFF22D06660EC43 /* Frameworks */,
			);
			sourceTree = "<group>";
		};
		17178B471A6F348A00E67C3A /* Products */ = {
			isa = PBXGroup;
			children = (
				17178B461A6F348A00E67C3A /* CSH Drink.app */,
				17BF9D111CAAD7E300B67454 /* CSH DrinkTests.xctest */,
			);
			name = Products;
			sourceTree = "<group>";
		};
		17178B481A6F348A00E67C3A /* CSH Drink */ = {
			isa = PBXGroup;
			children = (
				54FB93D81DB17E7F00E24CD3 /* CSH Drink.entitlements */,
				17E15A431B88F4DD00FC6714 /* RouteHandlers */,
				172F8EB31B128BCB0010CA60 /* DrinkAlertView.swift */,
				17178B4B1A6F348A00E67C3A /* AppDelegate.swift */,
				17FB3B371B141A3400232F6A /* AccountViewController.swift */,
				177EF2781A82677D00DB417B /* AuthenticationManager.swift */,
				174B31171A91B6FC0092CFF6 /* CurrentUser.swift */,
				177EF27C1A82679C00DB417B /* ApiViewController.swift */,
				174B31191A91B88D0092CFF6 /* DrinkAPI.swift */,
				1728EC611A70CDC100339ABE /* History */,
				1728EC621A70CDE500339ABE /* Machines */,
				1728EC631A70CDF300339ABE /* Items */,
				17178B541A6F348A00E67C3A /* Images.xcassets */,
				17178B491A6F348A00E67C3A /* Supporting Files */,
				1728EBD61A709BD700339ABE /* ToolBarColorManager.swift */,
			);
			path = "CSH Drink";
			sourceTree = "<group>";
		};
		17178B491A6F348A00E67C3A /* Supporting Files */ = {
			isa = PBXGroup;
			children = (
				1728EC1C1A70A7C300339ABE /* Crique Grotesk + Display */,
				17178B4A1A6F348A00E67C3A /* Info.plist */,
				174B311B1A91C5C60092CFF6 /* Dynamic.swift */,
				1770E0511AAD30DF0077FA94 /* JSSAlertView.swift */,
				54FB93D61DB1526100E24CD3 /* Punctual.swift */,
				175022F31ADF5EB700F1F33C /* UIColor+Drink.swift */,
				17A5506B1AC229E80010732C /* Pluralize.swift */,
			);
			name = "Supporting Files";
			sourceTree = "<group>";
		};
		17178B601A6F348A00E67C3A /* CSH DrinkTests */ = {
			isa = PBXGroup;
			children = (
				17178B631A6F348A00E67C3A /* CSH_DrinkTests.swift */,
				17178B611A6F348A00E67C3A /* Supporting Files */,
			);
			path = "CSH DrinkTests";
			sourceTree = "<group>";
		};
		17178B611A6F348A00E67C3A /* Supporting Files */ = {
			isa = PBXGroup;
			children = (
				17178B621A6F348A00E67C3A /* Info.plist */,
			);
			name = "Supporting Files";
			sourceTree = "<group>";
		};
		1728EC1C1A70A7C300339ABE /* Crique Grotesk + Display */ = {
			isa = PBXGroup;
			children = (
				1728EC1D1A70A7C300339ABE /* CriqueGrotesk-Black.otf */,
				1728EC1E1A70A7C300339ABE /* CriqueGrotesk-BlackItalic.otf */,
				1728EC1F1A70A7C300339ABE /* CriqueGrotesk-Bold.otf */,
				1728EC201A70A7C300339ABE /* CriqueGrotesk-BoldItalic.otf */,
				1728EC211A70A7C300339ABE /* CriqueGrotesk-Heavy.otf */,
				1728EC221A70A7C300339ABE /* CriqueGrotesk-HeavyItalic.otf */,
				1728EC231A70A7C300339ABE /* CriqueGrotesk-Italic.otf */,
				1728EC241A70A7C300339ABE /* CriqueGrotesk-Light.otf */,
				1728EC251A70A7C300339ABE /* CriqueGrotesk-LightItalic.otf */,
				1728EC261A70A7C300339ABE /* CriqueGrotesk-Medium.otf */,
				1728EC271A70A7C300339ABE /* CriqueGrotesk-MediumItalic.otf */,
				1728EC281A70A7C300339ABE /* CriqueGrotesk-Regular.otf */,
				1728EC291A70A7C300339ABE /* CriqueGrotesk-Thin.otf */,
				1728EC2A1A70A7C300339ABE /* CriqueGrotesk-ThinItalic.otf */,
				1728EC2B1A70A7C300339ABE /* CriqueGrotesk-UltraLight.otf */,
				1728EC2C1A70A7C300339ABE /* CriqueGrotesk-UltraLightItalic.otf */,
				1728EC2D1A70A7C300339ABE /* CriqueGroteskDisplay-Black.otf */,
				1728EC2E1A70A7C300339ABE /* CriqueGroteskDisplay-BlackItalic.otf */,
				1728EC2F1A70A7C300339ABE /* CriqueGroteskDisplay-Bold.otf */,
				1728EC301A70A7C300339ABE /* CriqueGroteskDisplay-BoldItalic.otf */,
				1728EC311A70A7C300339ABE /* CriqueGroteskDisplay-Heavy.otf */,
				1728EC321A70A7C300339ABE /* CriqueGroteskDisplay-HeavyItalic.otf */,
				1728EC331A70A7C300339ABE /* CriqueGroteskDisplay-Italic.otf */,
				1728EC341A70A7C300339ABE /* CriqueGroteskDisplay-Light.otf */,
				1728EC351A70A7C300339ABE /* CriqueGroteskDisplay-LightItalic.otf */,
				1728EC361A70A7C300339ABE /* CriqueGroteskDisplay-Medium.otf */,
				1728EC371A70A7C300339ABE /* CriqueGroteskDisplay-MediumItalic.otf */,
				1728EC381A70A7C300339ABE /* CriqueGroteskDisplay-Regular.otf */,
				1728EC391A70A7C300339ABE /* CriqueGroteskDisplay-Thin.otf */,
				1728EC3A1A70A7C300339ABE /* CriqueGroteskDisplay-ThinItalic.otf */,
				1728EC3B1A70A7C300339ABE /* CriqueGroteskDisplay-UltraLight.otf */,
				1728EC3C1A70A7C300339ABE /* CriqueGroteskDisplay-UltraLightItalic.otf */,
			);
			path = "Crique Grotesk + Display";
			sourceTree = "<group>";
		};
		1728EC611A70CDC100339ABE /* History */ = {
			isa = PBXGroup;
			children = (
				1728EB911A707E4A00339ABE /* Drop.swift */,
				1728EB931A708CDA00339ABE /* DropTableViewCell.swift */,
				170799C51AEF179A00E6CF4C /* HistoryNavigationController.swift */,
				17178B4F1A6F348A00E67C3A /* HistoryTableViewController.swift */,
			);
			name = History;
			sourceTree = "<group>";
		};
		1728EC621A70CDE500339ABE /* Machines */ = {
			isa = PBXGroup;
			children = (
				17374AEF1ADF89D400B3F1C2 /* DropNavigationController.swift */,
				17178BCB1A6F63B800E67C3A /* Machine.swift */,
				1728EC5F1A70CB6A00339ABE /* MachineTableViewCell.swift */,
				17178BC91A6F5A2300E67C3A /* MachineTableViewController.swift */,
			);
			name = Machines;
			sourceTree = "<group>";
		};
		1728EC631A70CDF300339ABE /* Items */ = {
			isa = PBXGroup;
			children = (
				17178BD11A6F7CA900E67C3A /* Item.swift */,
				1728EC641A70CE3900339ABE /* ItemTableViewCell.swift */,
				17178BCF1A6F7C0700E67C3A /* ItemTableViewController.swift */,
			);
			name = Items;
			sourceTree = "<group>";
		};
		17BF9D121CAAD7E300B67454 /* CSH DrinkTests */ = {
			isa = PBXGroup;
			children = (
				17BF9D131CAAD7E300B67454 /* CSH_DrinkTests.swift */,
				17BF9D151CAAD7E300B67454 /* Info.plist */,
			);
			path = "CSH DrinkTests";
			sourceTree = "<group>";
		};
		17E15A431B88F4DD00FC6714 /* RouteHandlers */ = {
			isa = PBXGroup;
			children = (
				17E15A441B88F4F800FC6714 /* DPLProductRouteHandler.swift */,
			);
			name = RouteHandlers;
			sourceTree = "<group>";
		};
		42F05247DEFF22D06660EC43 /* Frameworks */ = {
			isa = PBXGroup;
			children = (
				7BF8B0177D68B1A6E343ED60 /* Pods_CSH_Drink.framework */,
			);
			name = Frameworks;
			sourceTree = "<group>";
		};
		A8BB53F483F607ECA4367B9E /* Pods */ = {
			isa = PBXGroup;
			children = (
				E2A215E47E2124ED89163C2E /* Pods-CSH Drink.debug.xcconfig */,
				A9D5E3363966294E92B889DB /* Pods-CSH Drink.release.xcconfig */,
			);
			name = Pods;
			sourceTree = "<group>";
		};
/* End PBXGroup section */

/* Begin PBXNativeTarget section */
		17178B451A6F348A00E67C3A /* CSH Drink */ = {
			isa = PBXNativeTarget;
			buildConfigurationList = 17178B671A6F348A00E67C3A /* Build configuration list for PBXNativeTarget "CSH Drink" */;
			buildPhases = (
				3DB0C870EE49DE198C7020B4 /* [CP] Check Pods Manifest.lock */,
				17178B421A6F348A00E67C3A /* Sources */,
				17178B431A6F348A00E67C3A /* Frameworks */,
				17178B441A6F348A00E67C3A /* Resources */,
				77B33E81C26B80B529A71060 /* [CP] Embed Pods Frameworks */,
				6C6C2237B4CB9D78A76080AA /* [CP] Copy Pods Resources */,
			);
			buildRules = (
			);
			dependencies = (
			);
			name = "CSH Drink";
			productName = "CSH Drink";
			productReference = 17178B461A6F348A00E67C3A /* CSH Drink.app */;
			productType = "com.apple.product-type.application";
		};
		17BF9D101CAAD7E300B67454 /* CSH DrinkTests */ = {
			isa = PBXNativeTarget;
			buildConfigurationList = 17BF9D1A1CAAD7E300B67454 /* Build configuration list for PBXNativeTarget "CSH DrinkTests" */;
			buildPhases = (
				17BF9D0D1CAAD7E300B67454 /* Sources */,
				17BF9D0E1CAAD7E300B67454 /* Frameworks */,
				17BF9D0F1CAAD7E300B67454 /* Resources */,
			);
			buildRules = (
			);
			dependencies = (
				17BF9D171CAAD7E300B67454 /* PBXTargetDependency */,
			);
			name = "CSH DrinkTests";
			productName = "CSH DrinkTests";
			productReference = 17BF9D111CAAD7E300B67454 /* CSH DrinkTests.xctest */;
			productType = "com.apple.product-type.bundle.unit-test";
		};
/* End PBXNativeTarget section */

/* Begin PBXProject section */
		17178B3E1A6F348A00E67C3A /* Project object */ = {
			isa = PBXProject;
			attributes = {
				LastSwiftMigration = 0700;
				LastSwiftUpdateCheck = 0730;
				LastUpgradeCheck = 0800;
				ORGANIZATIONNAME = "Stuart Olivera";
				TargetAttributes = {
					17178B451A6F348A00E67C3A = {
						CreatedOnToolsVersion = 6.1.1;
						DevelopmentTeam = 7R48W84A8H;
						LastSwiftMigration = 0800;
						SystemCapabilities = {
							com.apple.Keychain = {
								enabled = 1;
							};
						};
					};
					17BF9D101CAAD7E300B67454 = {
						CreatedOnToolsVersion = 7.3;
						DevelopmentTeam = 7R48W84A8H;
						LastSwiftMigration = 0800;
						TestTargetID = 17178B451A6F348A00E67C3A;
					};
				};
			};
			buildConfigurationList = 17178B411A6F348A00E67C3A /* Build configuration list for PBXProject "CSH Drink" */;
			compatibilityVersion = "Xcode 3.2";
			developmentRegion = English;
			hasScannedForEncodings = 0;
			knownRegions = (
				en,
				Base,
			);
			mainGroup = 17178B3D1A6F348A00E67C3A;
			productRefGroup = 17178B471A6F348A00E67C3A /* Products */;
			projectDirPath = "";
			projectRoot = "";
			targets = (
				17178B451A6F348A00E67C3A /* CSH Drink */,
				17BF9D101CAAD7E300B67454 /* CSH DrinkTests */,
			);
		};
/* End PBXProject section */

/* Begin PBXResourcesBuildPhase section */
		17178B441A6F348A00E67C3A /* Resources */ = {
			isa = PBXResourcesBuildPhase;
			buildActionMask = 2147483647;
			files = (
				1728EC441A70A7C300339ABE /* CriqueGrotesk-Light.otf in Resources */,
				1728EC5E1A70A7D300339ABE /* CriqueGrotesk-Bold.otf in Resources */,
				1728EC411A70A7C300339ABE /* CriqueGrotesk-Heavy.otf in Resources */,
				1728EC4E1A70A7C300339ABE /* CriqueGroteskDisplay-BlackItalic.otf in Resources */,
				1728EC4B1A70A7C300339ABE /* CriqueGrotesk-UltraLight.otf in Resources */,
				1728EC571A70A7C300339ABE /* CriqueGroteskDisplay-MediumItalic.otf in Resources */,
				1728EC5B1A70A7C300339ABE /* CriqueGroteskDisplay-UltraLight.otf in Resources */,
				1728EC541A70A7C300339ABE /* CriqueGroteskDisplay-Light.otf in Resources */,
				1728EC501A70A7C300339ABE /* CriqueGroteskDisplay-BoldItalic.otf in Resources */,
				1728EC471A70A7C300339ABE /* CriqueGrotesk-MediumItalic.otf in Resources */,
				1728EC551A70A7C300339ABE /* CriqueGroteskDisplay-LightItalic.otf in Resources */,
				1728EC531A70A7C300339ABE /* CriqueGroteskDisplay-Italic.otf in Resources */,
				1728EC581A70A7C300339ABE /* CriqueGroteskDisplay-Regular.otf in Resources */,
				1728EC4D1A70A7C300339ABE /* CriqueGroteskDisplay-Black.otf in Resources */,
				1728EC401A70A7C300339ABE /* CriqueGrotesk-BoldItalic.otf in Resources */,
				1728EC521A70A7C300339ABE /* CriqueGroteskDisplay-HeavyItalic.otf in Resources */,
				1728EC4A1A70A7C300339ABE /* CriqueGrotesk-ThinItalic.otf in Resources */,
				1728EC491A70A7C300339ABE /* CriqueGrotesk-Thin.otf in Resources */,
				1728EC421A70A7C300339ABE /* CriqueGrotesk-HeavyItalic.otf in Resources */,
				1728EC591A70A7C300339ABE /* CriqueGroteskDisplay-Thin.otf in Resources */,
				1728EC561A70A7C300339ABE /* CriqueGroteskDisplay-Medium.otf in Resources */,
				1728EC481A70A7C300339ABE /* CriqueGrotesk-Regular.otf in Resources */,
				1728EC461A70A7C300339ABE /* CriqueGrotesk-Medium.otf in Resources */,
				1728EC5C1A70A7C300339ABE /* CriqueGroteskDisplay-UltraLightItalic.otf in Resources */,
				1728EC4C1A70A7C300339ABE /* CriqueGrotesk-UltraLightItalic.otf in Resources */,
				1728EC3E1A70A7C300339ABE /* CriqueGrotesk-BlackItalic.otf in Resources */,
				1728EC5A1A70A7C300339ABE /* CriqueGroteskDisplay-ThinItalic.otf in Resources */,
				1728EC4F1A70A7C300339ABE /* CriqueGroteskDisplay-Bold.otf in Resources */,
				1728EC431A70A7C300339ABE /* CriqueGrotesk-Italic.otf in Resources */,
				1728EC511A70A7C300339ABE /* CriqueGroteskDisplay-Heavy.otf in Resources */,
				17178B551A6F348A00E67C3A /* Images.xcassets in Resources */,
				1728EC451A70A7C300339ABE /* CriqueGrotesk-LightItalic.otf in Resources */,
				1797B5511A772F1700F5BB7D /* Storyboard.storyboard in Resources */,
				1728EC5D1A70A7D000339ABE /* CriqueGrotesk-Black.otf in Resources */,
			);
			runOnlyForDeploymentPostprocessing = 0;
		};
		17BF9D0F1CAAD7E300B67454 /* Resources */ = {
			isa = PBXResourcesBuildPhase;
			buildActionMask = 2147483647;
			files = (
			);
			runOnlyForDeploymentPostprocessing = 0;
		};
/* End PBXResourcesBuildPhase section */

/* Begin PBXShellScriptBuildPhase section */
		3DB0C870EE49DE198C7020B4 /* [CP] Check Pods Manifest.lock */ = {
			isa = PBXShellScriptBuildPhase;
			buildActionMask = 2147483647;
			files = (
			);
			inputPaths = (
			);
			name = "[CP] Check Pods Manifest.lock";
			outputPaths = (
			);
			runOnlyForDeploymentPostprocessing = 0;
			shellPath = /bin/sh;
			shellScript = "diff \"${PODS_ROOT}/../Podfile.lock\" \"${PODS_ROOT}/Manifest.lock\" > /dev/null\nif [ $? != 0 ] ; then\n    # print error to STDERR\n    echo \"error: The sandbox is not in sync with the Podfile.lock. Run 'pod install' or update your CocoaPods installation.\" >&2\n    exit 1\nfi\n";
			showEnvVarsInLog = 0;
		};
		6C6C2237B4CB9D78A76080AA /* [CP] Copy Pods Resources */ = {
			isa = PBXShellScriptBuildPhase;
			buildActionMask = 2147483647;
			files = (
			);
			inputPaths = (
			);
			name = "[CP] Copy Pods Resources";
			outputPaths = (
			);
			runOnlyForDeploymentPostprocessing = 0;
			shellPath = /bin/sh;
			shellScript = "\"${SRCROOT}/Pods/Target Support Files/Pods-CSH Drink/Pods-CSH Drink-resources.sh\"\n";
			showEnvVarsInLog = 0;
		};
		77B33E81C26B80B529A71060 /* [CP] Embed Pods Frameworks */ = {
			isa = PBXShellScriptBuildPhase;
			buildActionMask = 2147483647;
			files = (
			);
			inputPaths = (
			);
			name = "[CP] Embed Pods Frameworks";
			outputPaths = (
			);
			runOnlyForDeploymentPostprocessing = 0;
			shellPath = /bin/sh;
			shellScript = "\"${SRCROOT}/Pods/Target Support Files/Pods-CSH Drink/Pods-CSH Drink-frameworks.sh\"\n";
			showEnvVarsInLog = 0;
		};
/* End PBXShellScriptBuildPhase section */

/* Begin PBXSourcesBuildPhase section */
		17178B421A6F348A00E67C3A /* Sources */ = {
			isa = PBXSourcesBuildPhase;
			buildActionMask = 2147483647;
			files = (
				17178B501A6F348A00E67C3A /* HistoryTableViewController.swift in Sources */,
				1728EBD71A709BD700339ABE /* ToolBarColorManager.swift in Sources */,
				17374AF01ADF89D400B3F1C2 /* DropNavigationController.swift in Sources */,
				1728EC601A70CB6A00339ABE /* MachineTableViewCell.swift in Sources */,
				17178BCC1A6F63B800E67C3A /* Machine.swift in Sources */,
				17E15A451B88F4F800FC6714 /* DPLProductRouteHandler.swift in Sources */,
				1728EC651A70CE3900339ABE /* ItemTableViewCell.swift in Sources */,
				17A5506C1AC229E80010732C /* Pluralize.swift in Sources */,
				175022F41ADF5EB700F1F33C /* UIColor+Drink.swift in Sources */,
				170799C61AEF179A00E6CF4C /* HistoryNavigationController.swift in Sources */,
				1728EB921A707E4A00339ABE /* Drop.swift in Sources */,
				1770E0521AAD30DF0077FA94 /* JSSAlertView.swift in Sources */,
				174B31181A91B6FC0092CFF6 /* CurrentUser.swift in Sources */,
				172F8EB41B128BCB0010CA60 /* DrinkAlertView.swift in Sources */,
				177EF27D1A82679C00DB417B /* ApiViewController.swift in Sources */,
				177EF27A1A82677D00DB417B /* AuthenticationManager.swift in Sources */,
				174B311C1A91C5C60092CFF6 /* Dynamic.swift in Sources */,
				17FB3B381B141A3400232F6A /* AccountViewController.swift in Sources */,
				17178BD01A6F7C0700E67C3A /* ItemTableViewController.swift in Sources */,
				174B311A1A91B88D0092CFF6 /* DrinkAPI.swift in Sources */,
				17178BCA1A6F5A2300E67C3A /* MachineTableViewController.swift in Sources */,
				54FB93D71DB1526100E24CD3 /* Punctual.swift in Sources */,
				1728EB941A708CDA00339ABE /* DropTableViewCell.swift in Sources */,
				17178BD21A6F7CA900E67C3A /* Item.swift in Sources */,
				17178B4C1A6F348A00E67C3A /* AppDelegate.swift in Sources */,
			);
			runOnlyForDeploymentPostprocessing = 0;
		};
		17BF9D0D1CAAD7E300B67454 /* Sources */ = {
			isa = PBXSourcesBuildPhase;
			buildActionMask = 2147483647;
			files = (
				17BF9D141CAAD7E300B67454 /* CSH_DrinkTests.swift in Sources */,
			);
			runOnlyForDeploymentPostprocessing = 0;
		};
/* End PBXSourcesBuildPhase section */

/* Begin PBXTargetDependency section */
		17BF9D171CAAD7E300B67454 /* PBXTargetDependency */ = {
			isa = PBXTargetDependency;
			target = 17178B451A6F348A00E67C3A /* CSH Drink */;
			targetProxy = 17BF9D161CAAD7E300B67454 /* PBXContainerItemProxy */;
		};
/* End PBXTargetDependency section */

/* Begin PBXVariantGroup section */
		17178B511A6F348A00E67C3A /* Storyboard.storyboard */ = {
			isa = PBXVariantGroup;
			children = (
				17178B521A6F348A00E67C3A /* Base */,
			);
			name = Storyboard.storyboard;
			path = "CSH Drink";
			sourceTree = "<group>";
		};
/* End PBXVariantGroup section */

/* Begin XCBuildConfiguration section */
		17178B651A6F348A00E67C3A /* Debug */ = {
			isa = XCBuildConfiguration;
			buildSettings = {
				ALWAYS_EMBED_SWIFT_STANDARD_LIBRARIES = YES;
				ALWAYS_SEARCH_USER_PATHS = NO;
				CLANG_CXX_LANGUAGE_STANDARD = "gnu++0x";
				CLANG_CXX_LIBRARY = "libc++";
				CLANG_ENABLE_MODULES = YES;
				CLANG_ENABLE_OBJC_ARC = YES;
				CLANG_WARN_BOOL_CONVERSION = YES;
				CLANG_WARN_CONSTANT_CONVERSION = YES;
				CLANG_WARN_DIRECT_OBJC_ISA_USAGE = YES_ERROR;
				CLANG_WARN_EMPTY_BODY = YES;
				CLANG_WARN_ENUM_CONVERSION = YES;
				CLANG_WARN_INFINITE_RECURSION = YES;
				CLANG_WARN_INT_CONVERSION = YES;
				CLANG_WARN_OBJC_ROOT_CLASS = YES_ERROR;
				CLANG_WARN_SUSPICIOUS_MOVE = YES;
				CLANG_WARN_UNREACHABLE_CODE = YES;
				CLANG_WARN__DUPLICATE_METHOD_MATCH = YES;
				"CODE_SIGN_IDENTITY[sdk=iphoneos*]" = "iPhone Developer";
				COPY_PHASE_STRIP = NO;
				ENABLE_STRICT_OBJC_MSGSEND = YES;
				ENABLE_TESTABILITY = YES;
				GCC_C_LANGUAGE_STANDARD = gnu99;
				GCC_DYNAMIC_NO_PIC = NO;
				GCC_NO_COMMON_BLOCKS = YES;
				GCC_OPTIMIZATION_LEVEL = 0;
				GCC_PREPROCESSOR_DEFINITIONS = (
					"DEBUG=1",
					"$(inherited)",
				);
				GCC_SYMBOLS_PRIVATE_EXTERN = NO;
				GCC_WARN_64_TO_32_BIT_CONVERSION = YES;
				GCC_WARN_ABOUT_RETURN_TYPE = YES_ERROR;
				GCC_WARN_UNDECLARED_SELECTOR = YES;
				GCC_WARN_UNINITIALIZED_AUTOS = YES_AGGRESSIVE;
				GCC_WARN_UNUSED_FUNCTION = YES;
				GCC_WARN_UNUSED_VARIABLE = YES;
				IPHONEOS_DEPLOYMENT_TARGET = 9.0;
				MTL_ENABLE_DEBUG_INFO = YES;
				ONLY_ACTIVE_ARCH = YES;
				SDKROOT = iphoneos;
				SWIFT_OPTIMIZATION_LEVEL = "-Onone";
				TARGETED_DEVICE_FAMILY = "1,2";
			};
			name = Debug;
		};
		17178B661A6F348A00E67C3A /* Release */ = {
			isa = XCBuildConfiguration;
			buildSettings = {
				ALWAYS_EMBED_SWIFT_STANDARD_LIBRARIES = YES;
				ALWAYS_SEARCH_USER_PATHS = NO;
				CLANG_CXX_LANGUAGE_STANDARD = "gnu++0x";
				CLANG_CXX_LIBRARY = "libc++";
				CLANG_ENABLE_MODULES = YES;
				CLANG_ENABLE_OBJC_ARC = YES;
				CLANG_WARN_BOOL_CONVERSION = YES;
				CLANG_WARN_CONSTANT_CONVERSION = YES;
				CLANG_WARN_DIRECT_OBJC_ISA_USAGE = YES_ERROR;
				CLANG_WARN_EMPTY_BODY = YES;
				CLANG_WARN_ENUM_CONVERSION = YES;
				CLANG_WARN_INFINITE_RECURSION = YES;
				CLANG_WARN_INT_CONVERSION = YES;
				CLANG_WARN_OBJC_ROOT_CLASS = YES_ERROR;
				CLANG_WARN_SUSPICIOUS_MOVE = YES;
				CLANG_WARN_UNREACHABLE_CODE = YES;
				CLANG_WARN__DUPLICATE_METHOD_MATCH = YES;
				"CODE_SIGN_IDENTITY[sdk=iphoneos*]" = "iPhone Developer";
				COPY_PHASE_STRIP = YES;
				ENABLE_NS_ASSERTIONS = NO;
				ENABLE_STRICT_OBJC_MSGSEND = YES;
				GCC_C_LANGUAGE_STANDARD = gnu99;
				GCC_NO_COMMON_BLOCKS = YES;
				GCC_WARN_64_TO_32_BIT_CONVERSION = YES;
				GCC_WARN_ABOUT_RETURN_TYPE = YES_ERROR;
				GCC_WARN_UNDECLARED_SELECTOR = YES;
				GCC_WARN_UNINITIALIZED_AUTOS = YES_AGGRESSIVE;
				GCC_WARN_UNUSED_FUNCTION = YES;
				GCC_WARN_UNUSED_VARIABLE = YES;
				IPHONEOS_DEPLOYMENT_TARGET = 9.0;
				MTL_ENABLE_DEBUG_INFO = NO;
				SDKROOT = iphoneos;
				SWIFT_OPTIMIZATION_LEVEL = "-Owholemodule";
				TARGETED_DEVICE_FAMILY = "1,2";
				VALIDATE_PRODUCT = YES;
			};
			name = Release;
		};
		17178B681A6F348A00E67C3A /* Debug */ = {
			isa = XCBuildConfiguration;
			baseConfigurationReference = E2A215E47E2124ED89163C2E /* Pods-CSH Drink.debug.xcconfig */;
			buildSettings = {
				ALWAYS_EMBED_SWIFT_STANDARD_LIBRARIES = YES;
				ASSETCATALOG_COMPILER_APPICON_NAME = AppIcon;
				CODE_SIGN_ENTITLEMENTS = "CSH Drink/CSH Drink.entitlements";
				CODE_SIGN_IDENTITY = "iPhone Developer";
				"CODE_SIGN_IDENTITY[sdk=iphoneos*]" = "iPhone Developer";
				FRAMEWORK_SEARCH_PATHS = (
					"$(inherited)",
					"$(PROJECT_DIR)/Pods/build/Debug-iphoneos",
				);
				GCC_OPTIMIZATION_LEVEL = 0;
				INFOPLIST_FILE = "CSH Drink/Info.plist";
				IPHONEOS_DEPLOYMENT_TARGET = 9.0;
				LD_RUNPATH_SEARCH_PATHS = "$(inherited) @executable_path/Frameworks";
				PRODUCT_BUNDLE_IDENTIFIER = edu.rit.csh.Drink;
				PRODUCT_NAME = "$(TARGET_NAME)";
				PROVISIONING_PROFILE = "";
				SWIFT_VERSION = 3.0;
				TARGETED_DEVICE_FAMILY = "1,2";
			};
			name = Debug;
		};
		17178B691A6F348A00E67C3A /* Release */ = {
			isa = XCBuildConfiguration;
			baseConfigurationReference = A9D5E3363966294E92B889DB /* Pods-CSH Drink.release.xcconfig */;
			buildSettings = {
				ALWAYS_EMBED_SWIFT_STANDARD_LIBRARIES = YES;
				ASSETCATALOG_COMPILER_APPICON_NAME = AppIcon;
				CODE_SIGN_ENTITLEMENTS = "CSH Drink/CSH Drink.entitlements";
				CODE_SIGN_IDENTITY = "iPhone Developer";
				"CODE_SIGN_IDENTITY[sdk=iphoneos*]" = "iPhone Developer";
				FRAMEWORK_SEARCH_PATHS = (
					"$(inherited)",
					"$(PROJECT_DIR)/Pods/build/Debug-iphoneos",
				);
				GCC_OPTIMIZATION_LEVEL = s;
				INFOPLIST_FILE = "CSH Drink/Info.plist";
				IPHONEOS_DEPLOYMENT_TARGET = 9.0;
				LD_RUNPATH_SEARCH_PATHS = "$(inherited) @executable_path/Frameworks";
				PRODUCT_BUNDLE_IDENTIFIER = edu.rit.csh.Drink;
				PRODUCT_NAME = "$(TARGET_NAME)";
				PROVISIONING_PROFILE = "";
				SWIFT_OPTIMIZATION_LEVEL = "-Owholemodule";
				SWIFT_VERSION = 3.0;
				TARGETED_DEVICE_FAMILY = "1,2";
			};
			name = Release;
		};
		17BF9D181CAAD7E300B67454 /* Debug */ = {
			isa = XCBuildConfiguration;
			buildSettings = {
				BUNDLE_LOADER = "$(TEST_HOST)";
				CLANG_ANALYZER_NONNULL = YES;
				DEBUG_INFORMATION_FORMAT = dwarf;
				GCC_NO_COMMON_BLOCKS = YES;
				INFOPLIST_FILE = "CSH DrinkTests/Info.plist";
				IPHONEOS_DEPLOYMENT_TARGET = 9.3;
				LD_RUNPATH_SEARCH_PATHS = "$(inherited) @executable_path/Frameworks @loader_path/Frameworks";
				PRODUCT_BUNDLE_IDENTIFIER = "edu.rit.csh.CSH-DrinkTests";
				PRODUCT_NAME = "$(TARGET_NAME)";
				SWIFT_VERSION = 3.0;
				TEST_HOST = "$(BUILT_PRODUCTS_DIR)/CSH Drink.app/CSH Drink";
			};
			name = Debug;
		};
		17BF9D191CAAD7E300B67454 /* Release */ = {
			isa = XCBuildConfiguration;
			buildSettings = {
				BUNDLE_LOADER = "$(TEST_HOST)";
				CLANG_ANALYZER_NONNULL = YES;
				COPY_PHASE_STRIP = NO;
				DEBUG_INFORMATION_FORMAT = "dwarf-with-dsym";
				GCC_NO_COMMON_BLOCKS = YES;
				INFOPLIST_FILE = "CSH DrinkTests/Info.plist";
				IPHONEOS_DEPLOYMENT_TARGET = 9.3;
				LD_RUNPATH_SEARCH_PATHS = "$(inherited) @executable_path/Frameworks @loader_path/Frameworks";
				PRODUCT_BUNDLE_IDENTIFIER = "edu.rit.csh.CSH-DrinkTests";
				PRODUCT_NAME = "$(TARGET_NAME)";
				SWIFT_VERSION = 3.0;
				TEST_HOST = "$(BUILT_PRODUCTS_DIR)/CSH Drink.app/CSH Drink";
			};
			name = Release;
		};
/* End XCBuildConfiguration section */

/* Begin XCConfigurationList section */
		17178B411A6F348A00E67C3A /* Build configuration list for PBXProject "CSH Drink" */ = {
			isa = XCConfigurationList;
			buildConfigurations = (
				17178B651A6F348A00E67C3A /* Debug */,
				17178B661A6F348A00E67C3A /* Release */,
			);
			defaultConfigurationIsVisible = 0;
			defaultConfigurationName = Release;
		};
		17178B671A6F348A00E67C3A /* Build configuration list for PBXNativeTarget "CSH Drink" */ = {
			isa = XCConfigurationList;
			buildConfigurations = (
				17178B681A6F348A00E67C3A /* Debug */,
				17178B691A6F348A00E67C3A /* Release */,
			);
			defaultConfigurationIsVisible = 0;
			defaultConfigurationName = Release;
		};
		17BF9D1A1CAAD7E300B67454 /* Build configuration list for PBXNativeTarget "CSH DrinkTests" */ = {
			isa = XCConfigurationList;
			buildConfigurations = (
				17BF9D181CAAD7E300B67454 /* Debug */,
				17BF9D191CAAD7E300B67454 /* Release */,
			);
			defaultConfigurationIsVisible = 0;
			defaultConfigurationName = Release;
		};
/* End XCConfigurationList section */
	};
	rootObject = 17178B3E1A6F348A00E67C3A /* Project object */;
}
