// !$*UTF8*$!
{
	archiveVersion = 1;
	classes = {
	};
	objectVersion = 46;
	objects = {

/* Begin PBXBuildFile section */
		17178B4C1A6F348A00E67C3A /* AppDelegate.swift in Sources */ = {isa = PBXBuildFile; fileRef = 17178B4B1A6F348A00E67C3A /* AppDelegate.swift */; };
		17178B501A6F348A00E67C3A /* HistoryViewController.swift in Sources */ = {isa = PBXBuildFile; fileRef = 17178B4F1A6F348A00E67C3A /* HistoryViewController.swift */; };
		17178B531A6F348A00E67C3A /* Main.storyboard in Resources */ = {isa = PBXBuildFile; fileRef = 17178B511A6F348A00E67C3A /* Main.storyboard */; };
		17178B551A6F348A00E67C3A /* Images.xcassets in Resources */ = {isa = PBXBuildFile; fileRef = 17178B541A6F348A00E67C3A /* Images.xcassets */; };
		17178B581A6F348A00E67C3A /* LaunchScreen.xib in Resources */ = {isa = PBXBuildFile; fileRef = 17178B561A6F348A00E67C3A /* LaunchScreen.xib */; };
		17178B641A6F348A00E67C3A /* CSH_DrinkTests.swift in Sources */ = {isa = PBXBuildFile; fileRef = 17178B631A6F348A00E67C3A /* CSH_DrinkTests.swift */; };
		17178BCA1A6F5A2300E67C3A /* DropTableViewTableViewController.swift in Sources */ = {isa = PBXBuildFile; fileRef = 17178BC91A6F5A2300E67C3A /* DropTableViewTableViewController.swift */; };
		17178BCC1A6F63B800E67C3A /* Machine.swift in Sources */ = {isa = PBXBuildFile; fileRef = 17178BCB1A6F63B800E67C3A /* Machine.swift */; };
		17178BD01A6F7C0700E67C3A /* DrinkTableViewTableController.swift in Sources */ = {isa = PBXBuildFile; fileRef = 17178BCF1A6F7C0700E67C3A /* DrinkTableViewTableController.swift */; };
		17178BD21A6F7CA900E67C3A /* Drink.swift in Sources */ = {isa = PBXBuildFile; fileRef = 17178BD11A6F7CA900E67C3A /* Drink.swift */; };
		17178BD41A6F857800E67C3A /* DrinkViewController.swift in Sources */ = {isa = PBXBuildFile; fileRef = 17178BD31A6F857800E67C3A /* DrinkViewController.swift */; };
/* End PBXBuildFile section */

/* Begin PBXContainerItemProxy section */
		17178B5E1A6F348A00E67C3A /* PBXContainerItemProxy */ = {
			isa = PBXContainerItemProxy;
			containerPortal = 17178B3E1A6F348A00E67C3A /* Project object */;
			proxyType = 1;
			remoteGlobalIDString = 17178B451A6F348A00E67C3A;
			remoteInfo = "CSH Drink";
		};
/* End PBXContainerItemProxy section */

/* Begin PBXFileReference section */
		17178B461A6F348A00E67C3A /* CSH Drink.app */ = {isa = PBXFileReference; explicitFileType = wrapper.application; includeInIndex = 0; path = "CSH Drink.app"; sourceTree = BUILT_PRODUCTS_DIR; };
		17178B4A1A6F348A00E67C3A /* Info.plist */ = {isa = PBXFileReference; lastKnownFileType = text.plist.xml; path = Info.plist; sourceTree = "<group>"; };
		17178B4B1A6F348A00E67C3A /* AppDelegate.swift */ = {isa = PBXFileReference; lastKnownFileType = sourcecode.swift; path = AppDelegate.swift; sourceTree = "<group>"; };
		17178B4F1A6F348A00E67C3A /* HistoryViewController.swift */ = {isa = PBXFileReference; lastKnownFileType = sourcecode.swift; path = HistoryViewController.swift; sourceTree = "<group>"; };
		17178B521A6F348A00E67C3A /* Base */ = {isa = PBXFileReference; lastKnownFileType = file.storyboard; name = Base; path = Base.lproj/Main.storyboard; sourceTree = "<group>"; };
		17178B541A6F348A00E67C3A /* Images.xcassets */ = {isa = PBXFileReference; lastKnownFileType = folder.assetcatalog; path = Images.xcassets; sourceTree = "<group>"; };
		17178B571A6F348A00E67C3A /* Base */ = {isa = PBXFileReference; lastKnownFileType = file.xib; name = Base; path = Base.lproj/LaunchScreen.xib; sourceTree = "<group>"; };
		17178B5D1A6F348A00E67C3A /* CSH DrinkTests.xctest */ = {isa = PBXFileReference; explicitFileType = wrapper.cfbundle; includeInIndex = 0; path = "CSH DrinkTests.xctest"; sourceTree = BUILT_PRODUCTS_DIR; };
		17178B621A6F348A00E67C3A /* Info.plist */ = {isa = PBXFileReference; lastKnownFileType = text.plist.xml; path = Info.plist; sourceTree = "<group>"; };
		17178B631A6F348A00E67C3A /* CSH_DrinkTests.swift */ = {isa = PBXFileReference; lastKnownFileType = sourcecode.swift; path = CSH_DrinkTests.swift; sourceTree = "<group>"; };
		17178BC91A6F5A2300E67C3A /* DropTableViewTableViewController.swift */ = {isa = PBXFileReference; fileEncoding = 4; lastKnownFileType = sourcecode.swift; path = DropTableViewTableViewController.swift; sourceTree = "<group>"; };
		17178BCB1A6F63B800E67C3A /* Machine.swift */ = {isa = PBXFileReference; fileEncoding = 4; lastKnownFileType = sourcecode.swift; path = Machine.swift; sourceTree = "<group>"; };
		17178BCF1A6F7C0700E67C3A /* DrinkTableViewTableController.swift */ = {isa = PBXFileReference; fileEncoding = 4; lastKnownFileType = sourcecode.swift; path = DrinkTableViewTableController.swift; sourceTree = "<group>"; };
		17178BD11A6F7CA900E67C3A /* Drink.swift */ = {isa = PBXFileReference; fileEncoding = 4; lastKnownFileType = sourcecode.swift; path = Drink.swift; sourceTree = "<group>"; };
		17178BD31A6F857800E67C3A /* DrinkViewController.swift */ = {isa = PBXFileReference; fileEncoding = 4; lastKnownFileType = sourcecode.swift; path = DrinkViewController.swift; sourceTree = "<group>"; };
/* End PBXFileReference section */

/* Begin PBXFrameworksBuildPhase section */
		17178B431A6F348A00E67C3A /* Frameworks */ = {
			isa = PBXFrameworksBuildPhase;
			buildActionMask = 2147483647;
			files = (
			);
			runOnlyForDeploymentPostprocessing = 0;
		};
		17178B5A1A6F348A00E67C3A /* Frameworks */ = {
			isa = PBXFrameworksBuildPhase;
			buildActionMask = 2147483647;
			files = (
			);
			runOnlyForDeploymentPostprocessing = 0;
		};
/* End PBXFrameworksBuildPhase section */

/* Begin PBXGroup section */
		17178B3D1A6F348A00E67C3A = {
			isa = PBXGroup;
			children = (
				17178B481A6F348A00E67C3A /* CSH Drink */,
				17178B601A6F348A00E67C3A /* CSH DrinkTests */,
				17178B471A6F348A00E67C3A /* Products */,
			);
			sourceTree = "<group>";
		};
		17178B471A6F348A00E67C3A /* Products */ = {
			isa = PBXGroup;
			children = (
				17178B461A6F348A00E67C3A /* CSH Drink.app */,
				17178B5D1A6F348A00E67C3A /* CSH DrinkTests.xctest */,
			);
			name = Products;
			sourceTree = "<group>";
		};
		17178B481A6F348A00E67C3A /* CSH Drink */ = {
			isa = PBXGroup;
			children = (
				17178B4B1A6F348A00E67C3A /* AppDelegate.swift */,
				17178B4F1A6F348A00E67C3A /* HistoryViewController.swift */,
				17178B511A6F348A00E67C3A /* Main.storyboard */,
				17178BC91A6F5A2300E67C3A /* DropTableViewTableViewController.swift */,
				17178BD31A6F857800E67C3A /* DrinkViewController.swift */,
				17178BCF1A6F7C0700E67C3A /* DrinkTableViewTableController.swift */,
				17178BD11A6F7CA900E67C3A /* Drink.swift */,
				17178B541A6F348A00E67C3A /* Images.xcassets */,
				17178B561A6F348A00E67C3A /* LaunchScreen.xib */,
				17178B491A6F348A00E67C3A /* Supporting Files */,
				17178BCB1A6F63B800E67C3A /* Machine.swift */,
			);
			path = "CSH Drink";
			sourceTree = "<group>";
		};
		17178B491A6F348A00E67C3A /* Supporting Files */ = {
			isa = PBXGroup;
			children = (
				17178B4A1A6F348A00E67C3A /* Info.plist */,
			);
			name = "Supporting Files";
			sourceTree = "<group>";
		};
		17178B601A6F348A00E67C3A /* CSH DrinkTests */ = {
			isa = PBXGroup;
			children = (
				17178B631A6F348A00E67C3A /* CSH_DrinkTests.swift */,
				17178B611A6F348A00E67C3A /* Supporting Files */,
			);
			path = "CSH DrinkTests";
			sourceTree = "<group>";
		};
		17178B611A6F348A00E67C3A /* Supporting Files */ = {
			isa = PBXGroup;
			children = (
				17178B621A6F348A00E67C3A /* Info.plist */,
			);
			name = "Supporting Files";
			sourceTree = "<group>";
		};
/* End PBXGroup section */

/* Begin PBXNativeTarget section */
		17178B451A6F348A00E67C3A /* CSH Drink */ = {
			isa = PBXNativeTarget;
			buildConfigurationList = 17178B671A6F348A00E67C3A /* Build configuration list for PBXNativeTarget "CSH Drink" */;
			buildPhases = (
				17178B421A6F348A00E67C3A /* Sources */,
				17178B431A6F348A00E67C3A /* Frameworks */,
				17178B441A6F348A00E67C3A /* Resources */,
			);
			buildRules = (
			);
			dependencies = (
			);
			name = "CSH Drink";
			productName = "CSH Drink";
			productReference = 17178B461A6F348A00E67C3A /* CSH Drink.app */;
			productType = "com.apple.product-type.application";
		};
		17178B5C1A6F348A00E67C3A /* CSH DrinkTests */ = {
			isa = PBXNativeTarget;
			buildConfigurationList = 17178B6A1A6F348A00E67C3A /* Build configuration list for PBXNativeTarget "CSH DrinkTests" */;
			buildPhases = (
				17178B591A6F348A00E67C3A /* Sources */,
				17178B5A1A6F348A00E67C3A /* Frameworks */,
				17178B5B1A6F348A00E67C3A /* Resources */,
			);
			buildRules = (
			);
			dependencies = (
				17178B5F1A6F348A00E67C3A /* PBXTargetDependency */,
			);
			name = "CSH DrinkTests";
			productName = "CSH DrinkTests";
			productReference = 17178B5D1A6F348A00E67C3A /* CSH DrinkTests.xctest */;
			productType = "com.apple.product-type.bundle.unit-test";
		};
/* End PBXNativeTarget section */

/* Begin PBXProject section */
		17178B3E1A6F348A00E67C3A /* Project object */ = {
			isa = PBXProject;
			attributes = {
				LastUpgradeCheck = 0610;
				ORGANIZATIONNAME = "Stuart Olivera";
				TargetAttributes = {
					17178B451A6F348A00E67C3A = {
						CreatedOnToolsVersion = 6.1.1;
					};
					17178B5C1A6F348A00E67C3A = {
						CreatedOnToolsVersion = 6.1.1;
						TestTargetID = 17178B451A6F348A00E67C3A;
					};
				};
			};
			buildConfigurationList = 17178B411A6F348A00E67C3A /* Build configuration list for PBXProject "CSH Drink" */;
			compatibilityVersion = "Xcode 3.2";
			developmentRegion = English;
			hasScannedForEncodings = 0;
			knownRegions = (
				en,
				Base,
			);
			mainGroup = 17178B3D1A6F348A00E67C3A;
			productRefGroup = 17178B471A6F348A00E67C3A /* Products */;
			projectDirPath = "";
			projectRoot = "";
			targets = (
				17178B451A6F348A00E67C3A /* CSH Drink */,
				17178B5C1A6F348A00E67C3A /* CSH DrinkTests */,
			);
		};
/* End PBXProject section */

/* Begin PBXResourcesBuildPhase section */
		17178B441A6F348A00E67C3A /* Resources */ = {
			isa = PBXResourcesBuildPhase;
			buildActionMask = 2147483647;
			files = (
				17178B531A6F348A00E67C3A /* Main.storyboard in Resources */,
				17178B581A6F348A00E67C3A /* LaunchScreen.xib in Resources */,
				17178B551A6F348A00E67C3A /* Images.xcassets in Resources */,
			);
			runOnlyForDeploymentPostprocessing = 0;
		};
		17178B5B1A6F348A00E67C3A /* Resources */ = {
			isa = PBXResourcesBuildPhase;
			buildActionMask = 2147483647;
			files = (
			);
			runOnlyForDeploymentPostprocessing = 0;
		};
/* End PBXResourcesBuildPhase section */

/* Begin PBXSourcesBuildPhase section */
		17178B421A6F348A00E67C3A /* Sources */ = {
			isa = PBXSourcesBuildPhase;
			buildActionMask = 2147483647;
			files = (
				17178B501A6F348A00E67C3A /* HistoryViewController.swift in Sources */,
				17178BCC1A6F63B800E67C3A /* Machine.swift in Sources */,
				17178BD41A6F857800E67C3A /* DrinkViewController.swift in Sources */,
				17178BD01A6F7C0700E67C3A /* DrinkTableViewTableController.swift in Sources */,
				17178BCA1A6F5A2300E67C3A /* DropTableViewTableViewController.swift in Sources */,
				17178BD21A6F7CA900E67C3A /* Drink.swift in Sources */,
				17178B4C1A6F348A00E67C3A /* AppDelegate.swift in Sources */,
			);
			runOnlyForDeploymentPostprocessing = 0;
		};
		17178B591A6F348A00E67C3A /* Sources */ = {
			isa = PBXSourcesBuildPhase;
			buildActionMask = 2147483647;
			files = (
				17178B641A6F348A00E67C3A /* CSH_DrinkTests.swift in Sources */,
			);
			runOnlyForDeploymentPostprocessing = 0;
		};
/* End PBXSourcesBuildPhase section */

/* Begin PBXTargetDependency section */
		17178B5F1A6F348A00E67C3A /* PBXTargetDependency */ = {
			isa = PBXTargetDependency;
			target = 17178B451A6F348A00E67C3A /* CSH Drink */;
			targetProxy = 17178B5E1A6F348A00E67C3A /* PBXContainerItemProxy */;
		};
/* End PBXTargetDependency section */

/* Begin PBXVariantGroup section */
		17178B511A6F348A00E67C3A /* Main.storyboard */ = {
			isa = PBXVariantGroup;
			children = (
				17178B521A6F348A00E67C3A /* Base */,
			);
			name = Main.storyboard;
			sourceTree = "<group>";
		};
		17178B561A6F348A00E67C3A /* LaunchScreen.xib */ = {
			isa = PBXVariantGroup;
			children = (
				17178B571A6F348A00E67C3A /* Base */,
			);
			name = LaunchScreen.xib;
			sourceTree = "<group>";
		};
/* End PBXVariantGroup section */

/* Begin XCBuildConfiguration section */
		17178B651A6F348A00E67C3A /* Debug */ = {
			isa = XCBuildConfiguration;
			buildSettings = {
				ALWAYS_SEARCH_USER_PATHS = NO;
				CLANG_CXX_LANGUAGE_STANDARD = "gnu++0x";
				CLANG_CXX_LIBRARY = "libc++";
				CLANG_ENABLE_MODULES = YES;
				CLANG_ENABLE_OBJC_ARC = YES;
				CLANG_WARN_BOOL_CONVERSION = YES;
				CLANG_WARN_CONSTANT_CONVERSION = YES;
				CLANG_WARN_DIRECT_OBJC_ISA_USAGE = YES_ERROR;
				CLANG_WARN_EMPTY_BODY = YES;
				CLANG_WARN_ENUM_CONVERSION = YES;
				CLANG_WARN_INT_CONVERSION = YES;
				CLANG_WARN_OBJC_ROOT_CLASS = YES_ERROR;
				CLANG_WARN_UNREACHABLE_CODE = YES;
				CLANG_WARN__DUPLICATE_METHOD_MATCH = YES;
				"CODE_SIGN_IDENTITY[sdk=iphoneos*]" = "iPhone Developer";
				COPY_PHASE_STRIP = NO;
				ENABLE_STRICT_OBJC_MSGSEND = YES;
				GCC_C_LANGUAGE_STANDARD = gnu99;
				GCC_DYNAMIC_NO_PIC = NO;
				GCC_OPTIMIZATION_LEVEL = 0;
				GCC_PREPROCESSOR_DEFINITIONS = (
					"DEBUG=1",
					"$(inherited)",
				);
				GCC_SYMBOLS_PRIVATE_EXTERN = NO;
				GCC_WARN_64_TO_32_BIT_CONVERSION = YES;
				GCC_WARN_ABOUT_RETURN_TYPE = YES_ERROR;
				GCC_WARN_UNDECLARED_SELECTOR = YES;
				GCC_WARN_UNINITIALIZED_AUTOS = YES_AGGRESSIVE;
				GCC_WARN_UNUSED_FUNCTION = YES;
				GCC_WARN_UNUSED_VARIABLE = YES;
				IPHONEOS_DEPLOYMENT_TARGET = 8.1;
				MTL_ENABLE_DEBUG_INFO = YES;
				ONLY_ACTIVE_ARCH = YES;
				SDKROOT = iphoneos;
				SWIFT_OPTIMIZATION_LEVEL = "-Onone";
				TARGETED_DEVICE_FAMILY = "1,2";
			};
			name = Debug;
		};
		17178B661A6F348A00E67C3A /* Release */ = {
			isa = XCBuildConfiguration;
			buildSettings = {
				ALWAYS_SEARCH_USER_PATHS = NO;
				CLANG_CXX_LANGUAGE_STANDARD = "gnu++0x";
				CLANG_CXX_LIBRARY = "libc++";
				CLANG_ENABLE_MODULES = YES;
				CLANG_ENABLE_OBJC_ARC = YES;
				CLANG_WARN_BOOL_CONVERSION = YES;
				CLANG_WARN_CONSTANT_CONVERSION = YES;
				CLANG_WARN_DIRECT_OBJC_ISA_USAGE = YES_ERROR;
				CLANG_WARN_EMPTY_BODY = YES;
				CLANG_WARN_ENUM_CONVERSION = YES;
				CLANG_WARN_INT_CONVERSION = YES;
				CLANG_WARN_OBJC_ROOT_CLASS = YES_ERROR;
				CLANG_WARN_UNREACHABLE_CODE = YES;
				CLANG_WARN__DUPLICATE_METHOD_MATCH = YES;
				"CODE_SIGN_IDENTITY[sdk=iphoneos*]" = "iPhone Developer";
				COPY_PHASE_STRIP = YES;
				ENABLE_NS_ASSERTIONS = NO;
				ENABLE_STRICT_OBJC_MSGSEND = YES;
				GCC_C_LANGUAGE_STANDARD = gnu99;
				GCC_WARN_64_TO_32_BIT_CONVERSION = YES;
				GCC_WARN_ABOUT_RETURN_TYPE = YES_ERROR;
				GCC_WARN_UNDECLARED_SELECTOR = YES;
				GCC_WARN_UNINITIALIZED_AUTOS = YES_AGGRESSIVE;
				GCC_WARN_UNUSED_FUNCTION = YES;
				GCC_WARN_UNUSED_VARIABLE = YES;
				IPHONEOS_DEPLOYMENT_TARGET = 8.1;
				MTL_ENABLE_DEBUG_INFO = NO;
				SDKROOT = iphoneos;
				TARGETED_DEVICE_FAMILY = "1,2";
				VALIDATE_PRODUCT = YES;
			};
			name = Release;
		};
		17178B681A6F348A00E67C3A /* Debug */ = {
			isa = XCBuildConfiguration;
			buildSettings = {
				ASSETCATALOG_COMPILER_APPICON_NAME = AppIcon;
				INFOPLIST_FILE = "CSH Drink/Info.plist";
				IPHONEOS_DEPLOYMENT_TARGET = 8.0;
				LD_RUNPATH_SEARCH_PATHS = "$(inherited) @executable_path/Frameworks";
				PRODUCT_NAME = "$(TARGET_NAME)";
			};
			name = Debug;
		};
		17178B691A6F348A00E67C3A /* Release */ = {
			isa = XCBuildConfiguration;
			buildSettings = {
				ASSETCATALOG_COMPILER_APPICON_NAME = AppIcon;
				INFOPLIST_FILE = "CSH Drink/Info.plist";
				IPHONEOS_DEPLOYMENT_TARGET = 8.0;
				LD_RUNPATH_SEARCH_PATHS = "$(inherited) @executable_path/Frameworks";
				PRODUCT_NAME = "$(TARGET_NAME)";
			};
			name = Release;
		};
		17178B6B1A6F348A00E67C3A /* Debug */ = {
			isa = XCBuildConfiguration;
			buildSettings = {
				BUNDLE_LOADER = "$(TEST_HOST)";
				FRAMEWORK_SEARCH_PATHS = (
					"$(SDKROOT)/Developer/Library/Frameworks",
					"$(inherited)",
				);
				GCC_PREPROCESSOR_DEFINITIONS = (
					"DEBUG=1",
					"$(inherited)",
				);
				INFOPLIST_FILE = "CSH DrinkTests/Info.plist";
				LD_RUNPATH_SEARCH_PATHS = "$(inherited) @executable_path/Frameworks @loader_path/Frameworks";
				PRODUCT_NAME = "$(TARGET_NAME)";
				TEST_HOST = "$(BUILT_PRODUCTS_DIR)/CSH Drink.app/CSH Drink";
			};
			name = Debug;
		};
		17178B6C1A6F348A00E67C3A /* Release */ = {
			isa = XCBuildConfiguration;
			buildSettings = {
				BUNDLE_LOADER = "$(TEST_HOST)";
				FRAMEWORK_SEARCH_PATHS = (
					"$(SDKROOT)/Developer/Library/Frameworks",
					"$(inherited)",
				);
				INFOPLIST_FILE = "CSH DrinkTests/Info.plist";
				LD_RUNPATH_SEARCH_PATHS = "$(inherited) @executable_path/Frameworks @loader_path/Frameworks";
				PRODUCT_NAME = "$(TARGET_NAME)";
				TEST_HOST = "$(BUILT_PRODUCTS_DIR)/CSH Drink.app/CSH Drink";
			};
			name = Release;
		};
/* End XCBuildConfiguration section */

/* Begin XCConfigurationList section */
		17178B411A6F348A00E67C3A /* Build configuration list for PBXProject "CSH Drink" */ = {
			isa = XCConfigurationList;
			buildConfigurations = (
				17178B651A6F348A00E67C3A /* Debug */,
				17178B661A6F348A00E67C3A /* Release */,
			);
			defaultConfigurationIsVisible = 0;
			defaultConfigurationName = Release;
		};
		17178B671A6F348A00E67C3A /* Build configuration list for PBXNativeTarget "CSH Drink" */ = {
			isa = XCConfigurationList;
			buildConfigurations = (
				17178B681A6F348A00E67C3A /* Debug */,
				17178B691A6F348A00E67C3A /* Release */,
			);
			defaultConfigurationIsVisible = 0;
			defaultConfigurationName = Release;
		};
		17178B6A1A6F348A00E67C3A /* Build configuration list for PBXNativeTarget "CSH DrinkTests" */ = {
			isa = XCConfigurationList;
			buildConfigurations = (
				17178B6B1A6F348A00E67C3A /* Debug */,
				17178B6C1A6F348A00E67C3A /* Release */,
			);
			defaultConfigurationIsVisible = 0;
			defaultConfigurationName = Release;
		};
/* End XCConfigurationList section */
	};
	rootObject = 17178B3E1A6F348A00E67C3A /* Project object */;
}
